// !$*UTF8*$!
{
	archiveVersion = 1;
	classes = {
	};
	objectVersion = 48;
	objects = {

/* Begin PBXBuildFile section */
		3F01090D1FE9EF3800ABEA96 /* List.swift in Sources */ = {isa = PBXBuildFile; fileRef = 3F01090C1FE9EF3800ABEA96 /* List.swift */; };
		3F01090F1FE9EF5500ABEA96 /* Home.swift in Sources */ = {isa = PBXBuildFile; fileRef = 3F01090E1FE9EF5500ABEA96 /* Home.swift */; };
		3F0109111FE9EF6900ABEA96 /* Description.swift in Sources */ = {isa = PBXBuildFile; fileRef = 3F0109101FE9EF6900ABEA96 /* Description.swift */; };
		3F0109131FE9EF7400ABEA96 /* Stats.swift in Sources */ = {isa = PBXBuildFile; fileRef = 3F0109121FE9EF7400ABEA96 /* Stats.swift */; };
		3F0109151FE9EF8200ABEA96 /* Powers.swift in Sources */ = {isa = PBXBuildFile; fileRef = 3F0109141FE9EF8200ABEA96 /* Powers.swift */; };
		3F7596011FCCC580006CD0C1 /* AppDelegate.swift in Sources */ = {isa = PBXBuildFile; fileRef = 3F7596001FCCC580006CD0C1 /* AppDelegate.swift */; };
		3F7596031FCCC580006CD0C1 /* ViewController.swift in Sources */ = {isa = PBXBuildFile; fileRef = 3F7596021FCCC580006CD0C1 /* ViewController.swift */; };
		3F7596061FCCC580006CD0C1 /* Main.storyboard in Resources */ = {isa = PBXBuildFile; fileRef = 3F7596041FCCC580006CD0C1 /* Main.storyboard */; };
		3F7596081FCCC580006CD0C1 /* Assets.xcassets in Resources */ = {isa = PBXBuildFile; fileRef = 3F7596071FCCC580006CD0C1 /* Assets.xcassets */; };
		3F75960B1FCCC580006CD0C1 /* LaunchScreen.storyboard in Resources */ = {isa = PBXBuildFile; fileRef = 3F7596091FCCC580006CD0C1 /* LaunchScreen.storyboard */; };
		3FBB5DFC2016D49C00BF8DD2 /* Character.swift in Sources */ = {isa = PBXBuildFile; fileRef = 3FBB5DFB2016D49C00BF8DD2 /* Character.swift */; };
		3FF6C3802023F90700825886 /* SavedCharacter.swift in Sources */ = {isa = PBXBuildFile; fileRef = 3FF6C37F2023F90700825886 /* SavedCharacter.swift */; };
		3FF9ACBA20229CC300E9C711 /* CharacterTabBarViewController.swift in Sources */ = {isa = PBXBuildFile; fileRef = 3FF9ACB920229CC300E9C711 /* CharacterTabBarViewController.swift */; };
/* End PBXBuildFile section */

/* Begin PBXFileReference section */
		3F01090C1FE9EF3800ABEA96 /* List.swift */ = {isa = PBXFileReference; lastKnownFileType = sourcecode.swift; path = List.swift; sourceTree = "<group>"; };
		3F01090E1FE9EF5500ABEA96 /* Home.swift */ = {isa = PBXFileReference; lastKnownFileType = sourcecode.swift; path = Home.swift; sourceTree = "<group>"; };
		3F0109101FE9EF6900ABEA96 /* Description.swift */ = {isa = PBXFileReference; lastKnownFileType = sourcecode.swift; path = Description.swift; sourceTree = "<group>"; };
		3F0109121FE9EF7400ABEA96 /* Stats.swift */ = {isa = PBXFileReference; lastKnownFileType = sourcecode.swift; path = Stats.swift; sourceTree = "<group>"; };
		3F0109141FE9EF8200ABEA96 /* Powers.swift */ = {isa = PBXFileReference; lastKnownFileType = sourcecode.swift; path = Powers.swift; sourceTree = "<group>"; };
		3F7595FD1FCCC580006CD0C1 /* Cloak.app */ = {isa = PBXFileReference; explicitFileType = wrapper.application; includeInIndex = 0; path = Cloak.app; sourceTree = BUILT_PRODUCTS_DIR; };
		3F7596001FCCC580006CD0C1 /* AppDelegate.swift */ = {isa = PBXFileReference; lastKnownFileType = sourcecode.swift; path = AppDelegate.swift; sourceTree = "<group>"; };
		3F7596021FCCC580006CD0C1 /* ViewController.swift */ = {isa = PBXFileReference; lastKnownFileType = sourcecode.swift; path = ViewController.swift; sourceTree = "<group>"; };
		3F7596051FCCC580006CD0C1 /* Base */ = {isa = PBXFileReference; lastKnownFileType = file.storyboard; name = Base; path = Base.lproj/Main.storyboard; sourceTree = "<group>"; };
		3F7596071FCCC580006CD0C1 /* Assets.xcassets */ = {isa = PBXFileReference; lastKnownFileType = folder.assetcatalog; path = Assets.xcassets; sourceTree = "<group>"; };
		3F75960A1FCCC580006CD0C1 /* Base */ = {isa = PBXFileReference; lastKnownFileType = file.storyboard; name = Base; path = Base.lproj/LaunchScreen.storyboard; sourceTree = "<group>"; };
		3F75960C1FCCC580006CD0C1 /* Info.plist */ = {isa = PBXFileReference; lastKnownFileType = text.plist.xml; path = Info.plist; sourceTree = "<group>"; };
		3FBB5DFB2016D49C00BF8DD2 /* Character.swift */ = {isa = PBXFileReference; lastKnownFileType = sourcecode.swift; path = Character.swift; sourceTree = "<group>"; };
		3FF6C37F2023F90700825886 /* SavedCharacter.swift */ = {isa = PBXFileReference; lastKnownFileType = sourcecode.swift; path = SavedCharacter.swift; sourceTree = "<group>"; };
		3FF9ACB920229CC300E9C711 /* CharacterTabBarViewController.swift */ = {isa = PBXFileReference; lastKnownFileType = sourcecode.swift; path = CharacterTabBarViewController.swift; sourceTree = "<group>"; };
/* End PBXFileReference section */

/* Begin PBXFrameworksBuildPhase section */
		3F7595FA1FCCC580006CD0C1 /* Frameworks */ = {
			isa = PBXFrameworksBuildPhase;
			buildActionMask = 2147483647;
			files = (
			);
			runOnlyForDeploymentPostprocessing = 0;
		};
/* End PBXFrameworksBuildPhase section */

/* Begin PBXGroup section */
		3F7595F41FCCC580006CD0C1 = {
			isa = PBXGroup;
			children = (
				3F7595FF1FCCC580006CD0C1 /* Cloak */,
				3F7595FE1FCCC580006CD0C1 /* Products */,
			);
			sourceTree = "<group>";
		};
		3F7595FE1FCCC580006CD0C1 /* Products */ = {
			isa = PBXGroup;
			children = (
				3F7595FD1FCCC580006CD0C1 /* Cloak.app */,
			);
			name = Products;
			sourceTree = "<group>";
		};
		3F7595FF1FCCC580006CD0C1 /* Cloak */ = {
			isa = PBXGroup;
			children = (
				3F7596001FCCC580006CD0C1 /* AppDelegate.swift */,
				3F7596021FCCC580006CD0C1 /* ViewController.swift */,
				3FF9ACB920229CC300E9C711 /* CharacterTabBarViewController.swift */,
				3FF6C37F2023F90700825886 /* SavedCharacter.swift */,
				3FBB5DFB2016D49C00BF8DD2 /* Character.swift */,
				3F01090E1FE9EF5500ABEA96 /* Home.swift */,
				3F01090C1FE9EF3800ABEA96 /* List.swift */,
				3F0109101FE9EF6900ABEA96 /* Description.swift */,
				3F0109121FE9EF7400ABEA96 /* Stats.swift */,
				3F0109141FE9EF8200ABEA96 /* Powers.swift */,
				3F7596041FCCC580006CD0C1 /* Main.storyboard */,
				3F7596071FCCC580006CD0C1 /* Assets.xcassets */,
				3F7596091FCCC580006CD0C1 /* LaunchScreen.storyboard */,
				3F75960C1FCCC580006CD0C1 /* Info.plist */,
			);
			path = Cloak;
			sourceTree = "<group>";
		};
/* End PBXGroup section */

/* Begin PBXNativeTarget section */
		3F7595FC1FCCC580006CD0C1 /* Cloak */ = {
			isa = PBXNativeTarget;
			buildConfigurationList = 3F75960F1FCCC580006CD0C1 /* Build configuration list for PBXNativeTarget "Cloak" */;
			buildPhases = (
				3F7595F91FCCC580006CD0C1 /* Sources */,
				3F7595FA1FCCC580006CD0C1 /* Frameworks */,
				3F7595FB1FCCC580006CD0C1 /* Resources */,
			);
			buildRules = (
			);
			dependencies = (
			);
			name = Cloak;
			productName = Cloak;
			productReference = 3F7595FD1FCCC580006CD0C1 /* Cloak.app */;
			productType = "com.apple.product-type.application";
		};
/* End PBXNativeTarget section */

/* Begin PBXProject section */
		3F7595F51FCCC580006CD0C1 /* Project object */ = {
			isa = PBXProject;
			attributes = {
				KnownAssetTags = (
					tag,
				);
				LastSwiftUpdateCheck = 0910;
				LastUpgradeCheck = 0910;
				ORGANIZATIONNAME = Solomon;
				TargetAttributes = {
					3F7595FC1FCCC580006CD0C1 = {
						CreatedOnToolsVersion = 9.1;
						ProvisioningStyle = Automatic;
					};
				};
			};
			buildConfigurationList = 3F7595F81FCCC580006CD0C1 /* Build configuration list for PBXProject "Cloak" */;
			compatibilityVersion = "Xcode 8.0";
			developmentRegion = en;
			hasScannedForEncodings = 0;
			knownRegions = (
				en,
				Base,
			);
			mainGroup = 3F7595F41FCCC580006CD0C1;
			productRefGroup = 3F7595FE1FCCC580006CD0C1 /* Products */;
			projectDirPath = "";
			projectRoot = "";
			targets = (
				3F7595FC1FCCC580006CD0C1 /* Cloak */,
			);
		};
/* End PBXProject section */

/* Begin PBXResourcesBuildPhase section */
		3F7595FB1FCCC580006CD0C1 /* Resources */ = {
			isa = PBXResourcesBuildPhase;
			buildActionMask = 2147483647;
			files = (
				3F75960B1FCCC580006CD0C1 /* LaunchScreen.storyboard in Resources */,
				3F7596081FCCC580006CD0C1 /* Assets.xcassets in Resources */,
				3F7596061FCCC580006CD0C1 /* Main.storyboard in Resources */,
			);
			runOnlyForDeploymentPostprocessing = 0;
		};
/* End PBXResourcesBuildPhase section */

/* Begin PBXSourcesBuildPhase section */
		3F7595F91FCCC580006CD0C1 /* Sources */ = {
			isa = PBXSourcesBuildPhase;
			buildActionMask = 2147483647;
			files = (
				3F7596031FCCC580006CD0C1 /* ViewController.swift in Sources */,
				3FF9ACBA20229CC300E9C711 /* CharacterTabBarViewController.swift in Sources */,
				3F0109131FE9EF7400ABEA96 /* Stats.swift in Sources */,
				3FF6C3802023F90700825886 /* SavedCharacter.swift in Sources */,
				3F01090D1FE9EF3800ABEA96 /* List.swift in Sources */,
				3F0109111FE9EF6900ABEA96 /* Description.swift in Sources */,
				3F01090F1FE9EF5500ABEA96 /* Home.swift in Sources */,
				3F0109151FE9EF8200ABEA96 /* Powers.swift in Sources */,
				3F7596011FCCC580006CD0C1 /* AppDelegate.swift in Sources */,
				3FBB5DFC2016D49C00BF8DD2 /* Character.swift in Sources */,
			);
			runOnlyForDeploymentPostprocessing = 0;
		};
/* End PBXSourcesBuildPhase section */

/* Begin PBXVariantGroup section */
		3F7596041FCCC580006CD0C1 /* Main.storyboard */ = {
			isa = PBXVariantGroup;
			children = (
				3F7596051FCCC580006CD0C1 /* Base */,
			);
			name = Main.storyboard;
			sourceTree = "<group>";
		};
		3F7596091FCCC580006CD0C1 /* LaunchScreen.storyboard */ = {
			isa = PBXVariantGroup;
			children = (
				3F75960A1FCCC580006CD0C1 /* Base */,
			);
			name = LaunchScreen.storyboard;
			sourceTree = "<group>";
		};
/* End PBXVariantGroup section */

/* Begin XCBuildConfiguration section */
		3F75960D1FCCC580006CD0C1 /* Debug */ = {
			isa = XCBuildConfiguration;
			buildSettings = {
				ALWAYS_SEARCH_USER_PATHS = NO;
				CLANG_ANALYZER_NONNULL = YES;
				CLANG_ANALYZER_NUMBER_OBJECT_CONVERSION = YES_AGGRESSIVE;
				CLANG_CXX_LANGUAGE_STANDARD = "gnu++14";
				CLANG_CXX_LIBRARY = "libc++";
				CLANG_ENABLE_MODULES = YES;
				CLANG_ENABLE_OBJC_ARC = YES;
				CLANG_WARN_BLOCK_CAPTURE_AUTORELEASING = YES;
				CLANG_WARN_BOOL_CONVERSION = YES;
				CLANG_WARN_COMMA = YES;
				CLANG_WARN_CONSTANT_CONVERSION = YES;
				CLANG_WARN_DIRECT_OBJC_ISA_USAGE = YES_ERROR;
				CLANG_WARN_DOCUMENTATION_COMMENTS = YES;
				CLANG_WARN_EMPTY_BODY = YES;
				CLANG_WARN_ENUM_CONVERSION = YES;
				CLANG_WARN_INFINITE_RECURSION = YES;
				CLANG_WARN_INT_CONVERSION = YES;
				CLANG_WARN_NON_LITERAL_NULL_CONVERSION = YES;
				CLANG_WARN_OBJC_LITERAL_CONVERSION = YES;
				CLANG_WARN_OBJC_ROOT_CLASS = YES_ERROR;
				CLANG_WARN_RANGE_LOOP_ANALYSIS = YES;
				CLANG_WARN_STRICT_PROTOTYPES = YES;
				CLANG_WARN_SUSPICIOUS_MOVE = YES;
				CLANG_WARN_UNGUARDED_AVAILABILITY = YES_AGGRESSIVE;
				CLANG_WARN_UNREACHABLE_CODE = YES;
				CLANG_WARN__DUPLICATE_METHOD_MATCH = YES;
				CODE_SIGN_IDENTITY = "iPhone Developer";
				COPY_PHASE_STRIP = NO;
				DEBUG_INFORMATION_FORMAT = dwarf;
				ENABLE_STRICT_OBJC_MSGSEND = YES;
				ENABLE_TESTABILITY = YES;
				GCC_C_LANGUAGE_STANDARD = gnu11;
				GCC_DYNAMIC_NO_PIC = NO;
				GCC_NO_COMMON_BLOCKS = YES;
				GCC_OPTIMIZATION_LEVEL = 0;
				GCC_PREPROCESSOR_DEFINITIONS = (
					"DEBUG=1",
					"$(inherited)",
				);
				GCC_WARN_64_TO_32_BIT_CONVERSION = YES;
				GCC_WARN_ABOUT_RETURN_TYPE = YES_ERROR;
				GCC_WARN_UNDECLARED_SELECTOR = YES;
				GCC_WARN_UNINITIALIZED_AUTOS = YES_AGGRESSIVE;
				GCC_WARN_UNUSED_FUNCTION = YES;
				GCC_WARN_UNUSED_VARIABLE = YES;
				IPHONEOS_DEPLOYMENT_TARGET = 11.1;
				MTL_ENABLE_DEBUG_INFO = YES;
				ONLY_ACTIVE_ARCH = YES;
				SDKROOT = iphoneos;
				SWIFT_ACTIVE_COMPILATION_CONDITIONS = DEBUG;
				SWIFT_OPTIMIZATION_LEVEL = "-Onone";
			};
			name = Debug;
		};
		3F75960E1FCCC580006CD0C1 /* Release */ = {
			isa = XCBuildConfiguration;
			buildSettings = {
				ALWAYS_SEARCH_USER_PATHS = NO;
				CLANG_ANALYZER_NONNULL = YES;
				CLANG_ANALYZER_NUMBER_OBJECT_CONVERSION = YES_AGGRESSIVE;
				CLANG_CXX_LANGUAGE_STANDARD = "gnu++14";
				CLANG_CXX_LIBRARY = "libc++";
				CLANG_ENABLE_MODULES = YES;
				CLANG_ENABLE_OBJC_ARC = YES;
				CLANG_WARN_BLOCK_CAPTURE_AUTORELEASING = YES;
				CLANG_WARN_BOOL_CONVERSION = YES;
				CLANG_WARN_COMMA = YES;
				CLANG_WARN_CONSTANT_CONVERSION = YES;
				CLANG_WARN_DIRECT_OBJC_ISA_USAGE = YES_ERROR;
				CLANG_WARN_DOCUMENTATION_COMMENTS = YES;
				CLANG_WARN_EMPTY_BODY = YES;
				CLANG_WARN_ENUM_CONVERSION = YES;
				CLANG_WARN_INFINITE_RECURSION = YES;
				CLANG_WARN_INT_CONVERSION = YES;
				CLANG_WARN_NON_LITERAL_NULL_CONVERSION = YES;
				CLANG_WARN_OBJC_LITERAL_CONVERSION = YES;
				CLANG_WARN_OBJC_ROOT_CLASS = YES_ERROR;
				CLANG_WARN_RANGE_LOOP_ANALYSIS = YES;
				CLANG_WARN_STRICT_PROTOTYPES = YES;
				CLANG_WARN_SUSPICIOUS_MOVE = YES;
				CLANG_WARN_UNGUARDED_AVAILABILITY = YES_AGGRESSIVE;
				CLANG_WARN_UNREACHABLE_CODE = YES;
				CLANG_WARN__DUPLICATE_METHOD_MATCH = YES;
				CODE_SIGN_IDENTITY = "iPhone Developer";
				COPY_PHASE_STRIP = NO;
				DEBUG_INFORMATION_FORMAT = "dwarf-with-dsym";
				ENABLE_NS_ASSERTIONS = NO;
				ENABLE_STRICT_OBJC_MSGSEND = YES;
				GCC_C_LANGUAGE_STANDARD = gnu11;
				GCC_NO_COMMON_BLOCKS = YES;
				GCC_WARN_64_TO_32_BIT_CONVERSION = YES;
				GCC_WARN_ABOUT_RETURN_TYPE = YES_ERROR;
				GCC_WARN_UNDECLARED_SELECTOR = YES;
				GCC_WARN_UNINITIALIZED_AUTOS = YES_AGGRESSIVE;
				GCC_WARN_UNUSED_FUNCTION = YES;
				GCC_WARN_UNUSED_VARIABLE = YES;
				IPHONEOS_DEPLOYMENT_TARGET = 11.1;
				MTL_ENABLE_DEBUG_INFO = NO;
				SDKROOT = iphoneos;
				SWIFT_OPTIMIZATION_LEVEL = "-Owholemodule";
				VALIDATE_PRODUCT = YES;
			};
			name = Release;
		};
		3F7596101FCCC580006CD0C1 /* Debug */ = {
			isa = XCBuildConfiguration;
			buildSettings = {
				ASSETCATALOG_COMPILER_APPICON_NAME = AppIcon;
				CODE_SIGN_STYLE = Automatic;
				INFOPLIST_FILE = Cloak/Info.plist;
				LD_RUNPATH_SEARCH_PATHS = "$(inherited) @executable_path/Frameworks";
				PRODUCT_BUNDLE_IDENTIFIER = Solomon.Cloak;
				PRODUCT_NAME = "$(TARGET_NAME)";
				SWIFT_VERSION = 4.0;
				TARGETED_DEVICE_FAMILY = "1,2";
			};
			name = Debug;
		};
		3F7596111FCCC580006CD0C1 /* Release */ = {
			isa = XCBuildConfiguration;
			buildSettings = {
				ASSETCATALOG_COMPILER_APPICON_NAME = AppIcon;
				CODE_SIGN_STYLE = Automatic;
				INFOPLIST_FILE = Cloak/Info.plist;
				LD_RUNPATH_SEARCH_PATHS = "$(inherited) @executable_path/Frameworks";
				PRODUCT_BUNDLE_IDENTIFIER = Solomon.Cloak;
				PRODUCT_NAME = "$(TARGET_NAME)";
				SWIFT_VERSION = 4.0;
				TARGETED_DEVICE_FAMILY = "1,2";
			};
			name = Release;
		};
/* End XCBuildConfiguration section */

/* Begin XCConfigurationList section */
		3F7595F81FCCC580006CD0C1 /* Build configuration list for PBXProject "Cloak" */ = {
			isa = XCConfigurationList;
			buildConfigurations = (
				3F75960D1FCCC580006CD0C1 /* Debug */,
				3F75960E1FCCC580006CD0C1 /* Release */,
			);
			defaultConfigurationIsVisible = 0;
			defaultConfigurationName = Release;
		};
		3F75960F1FCCC580006CD0C1 /* Build configuration list for PBXNativeTarget "Cloak" */ = {
			isa = XCConfigurationList;
			buildConfigurations = (
				3F7596101FCCC580006CD0C1 /* Debug */,
				3F7596111FCCC580006CD0C1 /* Release */,
			);
			defaultConfigurationIsVisible = 0;
			defaultConfigurationName = Release;
		};
/* End XCConfigurationList section */
	};
	rootObject = 3F7595F51FCCC580006CD0C1 /* Project object */;
}
